// !$*UTF8*$!
{
	archiveVersion = 1;
	classes = {
	};
	objectVersion = 46;
	objects = {

/* Begin PBXBuildFile section */
		69AB6E0F1B4541FF00B9678D /* AppDelegate.swift in Sources */ = {isa = PBXBuildFile; fileRef = 69AB6E0E1B4541FF00B9678D /* AppDelegate.swift */; };
		69AB6E141B4541FF00B9678D /* Main.storyboard in Resources */ = {isa = PBXBuildFile; fileRef = 69AB6E121B4541FF00B9678D /* Main.storyboard */; };
		69AB6E161B4541FF00B9678D /* Images.xcassets in Resources */ = {isa = PBXBuildFile; fileRef = 69AB6E151B4541FF00B9678D /* Images.xcassets */; };
		69AB6E191B4541FF00B9678D /* LaunchScreen.xib in Resources */ = {isa = PBXBuildFile; fileRef = 69AB6E171B4541FF00B9678D /* LaunchScreen.xib */; };
		69AB6E251B4541FF00B9678D /* alic88Tests.swift in Sources */ = {isa = PBXBuildFile; fileRef = 69AB6E241B4541FF00B9678D /* alic88Tests.swift */; };
		69AB6E3D1B454AA800B9678D /* BrowseListViewController.swift in Sources */ = {isa = PBXBuildFile; fileRef = 69AB6E3C1B454AA800B9678D /* BrowseListViewController.swift */; };
		69AB6E3F1B454AB500B9678D /* CategoriesListViewController.swift in Sources */ = {isa = PBXBuildFile; fileRef = 69AB6E3E1B454AB500B9678D /* CategoriesListViewController.swift */; };
		69AB6E411B454ABF00B9678D /* ContactViewController.swift in Sources */ = {isa = PBXBuildFile; fileRef = 69AB6E401B454ABF00B9678D /* ContactViewController.swift */; };
		69AB6E431B454AE600B9678D /* BrowseListCollectionViewCell.swift in Sources */ = {isa = PBXBuildFile; fileRef = 69AB6E421B454AE600B9678D /* BrowseListCollectionViewCell.swift */; };
		69AB6E481B45533800B9678D /* UtilityHelper.swift in Sources */ = {isa = PBXBuildFile; fileRef = 69AB6E471B45533800B9678D /* UtilityHelper.swift */; };
		69AB6E4A1B455BAD00B9678D /* CategoryTableViewCell.swift in Sources */ = {isa = PBXBuildFile; fileRef = 69AB6E491B455BAD00B9678D /* CategoryTableViewCell.swift */; };
/* End PBXBuildFile section */

/* Begin PBXContainerItemProxy section */
		69AB6E1F1B4541FF00B9678D /* PBXContainerItemProxy */ = {
			isa = PBXContainerItemProxy;
			containerPortal = 69AB6E011B4541FF00B9678D /* Project object */;
			proxyType = 1;
			remoteGlobalIDString = 69AB6E081B4541FF00B9678D;
			remoteInfo = alic88;
		};
/* End PBXContainerItemProxy section */

/* Begin PBXFileReference section */
		69AB6E091B4541FF00B9678D /* alic88.app */ = {isa = PBXFileReference; explicitFileType = wrapper.application; includeInIndex = 0; path = alic88.app; sourceTree = BUILT_PRODUCTS_DIR; };
		69AB6E0D1B4541FF00B9678D /* Info.plist */ = {isa = PBXFileReference; lastKnownFileType = text.plist.xml; path = Info.plist; sourceTree = "<group>"; };
		69AB6E0E1B4541FF00B9678D /* AppDelegate.swift */ = {isa = PBXFileReference; lastKnownFileType = sourcecode.swift; path = AppDelegate.swift; sourceTree = "<group>"; };
		69AB6E131B4541FF00B9678D /* Base */ = {isa = PBXFileReference; lastKnownFileType = file.storyboard; name = Base; path = Base.lproj/Main.storyboard; sourceTree = "<group>"; };
		69AB6E151B4541FF00B9678D /* Images.xcassets */ = {isa = PBXFileReference; lastKnownFileType = folder.assetcatalog; path = Images.xcassets; sourceTree = "<group>"; };
		69AB6E181B4541FF00B9678D /* Base */ = {isa = PBXFileReference; lastKnownFileType = file.xib; name = Base; path = Base.lproj/LaunchScreen.xib; sourceTree = "<group>"; };
		69AB6E1E1B4541FF00B9678D /* alic88Tests.xctest */ = {isa = PBXFileReference; explicitFileType = wrapper.cfbundle; includeInIndex = 0; path = alic88Tests.xctest; sourceTree = BUILT_PRODUCTS_DIR; };
		69AB6E231B4541FF00B9678D /* Info.plist */ = {isa = PBXFileReference; lastKnownFileType = text.plist.xml; path = Info.plist; sourceTree = "<group>"; };
		69AB6E241B4541FF00B9678D /* alic88Tests.swift */ = {isa = PBXFileReference; lastKnownFileType = sourcecode.swift; path = alic88Tests.swift; sourceTree = "<group>"; };
		69AB6E3C1B454AA800B9678D /* BrowseListViewController.swift */ = {isa = PBXFileReference; fileEncoding = 4; lastKnownFileType = sourcecode.swift; path = BrowseListViewController.swift; sourceTree = "<group>"; };
		69AB6E3E1B454AB500B9678D /* CategoriesListViewController.swift */ = {isa = PBXFileReference; fileEncoding = 4; lastKnownFileType = sourcecode.swift; path = CategoriesListViewController.swift; sourceTree = "<group>"; };
		69AB6E401B454ABF00B9678D /* ContactViewController.swift */ = {isa = PBXFileReference; fileEncoding = 4; lastKnownFileType = sourcecode.swift; path = ContactViewController.swift; sourceTree = "<group>"; };
		69AB6E421B454AE600B9678D /* BrowseListCollectionViewCell.swift */ = {isa = PBXFileReference; fileEncoding = 4; lastKnownFileType = sourcecode.swift; path = BrowseListCollectionViewCell.swift; sourceTree = "<group>"; };
		69AB6E471B45533800B9678D /* UtilityHelper.swift */ = {isa = PBXFileReference; fileEncoding = 4; lastKnownFileType = sourcecode.swift; path = UtilityHelper.swift; sourceTree = "<group>"; };
		69AB6E491B455BAD00B9678D /* CategoryTableViewCell.swift */ = {isa = PBXFileReference; fileEncoding = 4; lastKnownFileType = sourcecode.swift; path = CategoryTableViewCell.swift; sourceTree = "<group>"; };
/* End PBXFileReference section */

/* Begin PBXFrameworksBuildPhase section */
		69AB6E061B4541FF00B9678D /* Frameworks */ = {
			isa = PBXFrameworksBuildPhase;
			buildActionMask = 2147483647;
			files = (
			);
			runOnlyForDeploymentPostprocessing = 0;
		};
		69AB6E1B1B4541FF00B9678D /* Frameworks */ = {
			isa = PBXFrameworksBuildPhase;
			buildActionMask = 2147483647;
			files = (
			);
			runOnlyForDeploymentPostprocessing = 0;
		};
/* End PBXFrameworksBuildPhase section */

/* Begin PBXGroup section */
		69AB6E001B4541FF00B9678D = {
			isa = PBXGroup;
			children = (
				69AB6E0B1B4541FF00B9678D /* alic88 */,
				69AB6E211B4541FF00B9678D /* alic88Tests */,
				69AB6E0A1B4541FF00B9678D /* Products */,
			);
			sourceTree = "<group>";
		};
		69AB6E0A1B4541FF00B9678D /* Products */ = {
			isa = PBXGroup;
			children = (
				69AB6E091B4541FF00B9678D /* alic88.app */,
				69AB6E1E1B4541FF00B9678D /* alic88Tests.xctest */,
			);
			name = Products;
			sourceTree = "<group>";
		};
		69AB6E0B1B4541FF00B9678D /* alic88 */ = {
			isa = PBXGroup;
			children = (
				69AB6E2F1B4542A800B9678D /* Models */,
				69AB6E461B45533800B9678D /* Frameworks */,
				69AB6E3A1B454A8200B9678D /* Controllers */,
				69AB6E3B1B454A8200B9678D /* Views */,
				69AB6E0E1B4541FF00B9678D /* AppDelegate.swift */,
				69AB6E121B4541FF00B9678D /* Main.storyboard */,
				69AB6E151B4541FF00B9678D /* Images.xcassets */,
				69AB6E171B4541FF00B9678D /* LaunchScreen.xib */,
				69AB6E0C1B4541FF00B9678D /* Supporting Files */,
			);
			path = alic88;
			sourceTree = "<group>";
		};
		69AB6E0C1B4541FF00B9678D /* Supporting Files */ = {
			isa = PBXGroup;
			children = (
				69AB6E0D1B4541FF00B9678D /* Info.plist */,
			);
			name = "Supporting Files";
			sourceTree = "<group>";
		};
		69AB6E211B4541FF00B9678D /* alic88Tests */ = {
			isa = PBXGroup;
			children = (
				69AB6E241B4541FF00B9678D /* alic88Tests.swift */,
				69AB6E221B4541FF00B9678D /* Supporting Files */,
			);
			path = alic88Tests;
			sourceTree = "<group>";
		};
		69AB6E221B4541FF00B9678D /* Supporting Files */ = {
			isa = PBXGroup;
			children = (
				69AB6E231B4541FF00B9678D /* Info.plist */,
			);
			name = "Supporting Files";
			sourceTree = "<group>";
		};
		69AB6E2F1B4542A800B9678D /* Models */ = {
			isa = PBXGroup;
			children = (
			);
			path = Models;
			sourceTree = "<group>";
		};
		69AB6E3A1B454A8200B9678D /* Controllers */ = {
			isa = PBXGroup;
			children = (
				69AB6E3C1B454AA800B9678D /* BrowseListViewController.swift */,
				69AB6E3E1B454AB500B9678D /* CategoriesListViewController.swift */,
				69AB6E401B454ABF00B9678D /* ContactViewController.swift */,
			);
			path = Controllers;
			sourceTree = "<group>";
		};
		69AB6E3B1B454A8200B9678D /* Views */ = {
			isa = PBXGroup;
			children = (
				69AB6E421B454AE600B9678D /* BrowseListCollectionViewCell.swift */,
				69AB6E491B455BAD00B9678D /* CategoryTableViewCell.swift */,
			);
			path = Views;
			sourceTree = "<group>";
		};
		69AB6E461B45533800B9678D /* Frameworks */ = {
			isa = PBXGroup;
			children = (
				69AB6E471B45533800B9678D /* UtilityHelper.swift */,
			);
			path = Frameworks;
			sourceTree = "<group>";
		};
/* End PBXGroup section */

/* Begin PBXNativeTarget section */
		69AB6E081B4541FF00B9678D /* alic88 */ = {
			isa = PBXNativeTarget;
			buildConfigurationList = 69AB6E281B4541FF00B9678D /* Build configuration list for PBXNativeTarget "alic88" */;
			buildPhases = (
				69AB6E051B4541FF00B9678D /* Sources */,
				69AB6E061B4541FF00B9678D /* Frameworks */,
				69AB6E071B4541FF00B9678D /* Resources */,
			);
			buildRules = (
			);
			dependencies = (
			);
			name = alic88;
			productName = alic88;
			productReference = 69AB6E091B4541FF00B9678D /* alic88.app */;
			productType = "com.apple.product-type.application";
		};
		69AB6E1D1B4541FF00B9678D /* alic88Tests */ = {
			isa = PBXNativeTarget;
			buildConfigurationList = 69AB6E2B1B4541FF00B9678D /* Build configuration list for PBXNativeTarget "alic88Tests" */;
			buildPhases = (
				69AB6E1A1B4541FF00B9678D /* Sources */,
				69AB6E1B1B4541FF00B9678D /* Frameworks */,
				69AB6E1C1B4541FF00B9678D /* Resources */,
			);
			buildRules = (
			);
			dependencies = (
				69AB6E201B4541FF00B9678D /* PBXTargetDependency */,
			);
			name = alic88Tests;
			productName = alic88Tests;
			productReference = 69AB6E1E1B4541FF00B9678D /* alic88Tests.xctest */;
			productType = "com.apple.product-type.bundle.unit-test";
		};
/* End PBXNativeTarget section */

/* Begin PBXProject section */
		69AB6E011B4541FF00B9678D /* Project object */ = {
			isa = PBXProject;
			attributes = {
				LastUpgradeCheck = 0630;
				ORGANIZATIONNAME = "Danial Zahid";
				TargetAttributes = {
					69AB6E081B4541FF00B9678D = {
						CreatedOnToolsVersion = 6.3.2;
					};
					69AB6E1D1B4541FF00B9678D = {
						CreatedOnToolsVersion = 6.3.2;
						TestTargetID = 69AB6E081B4541FF00B9678D;
					};
				};
			};
			buildConfigurationList = 69AB6E041B4541FF00B9678D /* Build configuration list for PBXProject "alic88" */;
			compatibilityVersion = "Xcode 3.2";
			developmentRegion = English;
			hasScannedForEncodings = 0;
			knownRegions = (
				en,
				Base,
			);
			mainGroup = 69AB6E001B4541FF00B9678D;
			productRefGroup = 69AB6E0A1B4541FF00B9678D /* Products */;
			projectDirPath = "";
			projectRoot = "";
			targets = (
				69AB6E081B4541FF00B9678D /* alic88 */,
				69AB6E1D1B4541FF00B9678D /* alic88Tests */,
			);
		};
/* End PBXProject section */

/* Begin PBXResourcesBuildPhase section */
		69AB6E071B4541FF00B9678D /* Resources */ = {
			isa = PBXResourcesBuildPhase;
			buildActionMask = 2147483647;
			files = (
				69AB6E141B4541FF00B9678D /* Main.storyboard in Resources */,
				69AB6E191B4541FF00B9678D /* LaunchScreen.xib in Resources */,
				69AB6E161B4541FF00B9678D /* Images.xcassets in Resources */,
			);
			runOnlyForDeploymentPostprocessing = 0;
		};
		69AB6E1C1B4541FF00B9678D /* Resources */ = {
			isa = PBXResourcesBuildPhase;
			buildActionMask = 2147483647;
			files = (
			);
			runOnlyForDeploymentPostprocessing = 0;
		};
/* End PBXResourcesBuildPhase section */

/* Begin PBXSourcesBuildPhase section */
		69AB6E051B4541FF00B9678D /* Sources */ = {
			isa = PBXSourcesBuildPhase;
			buildActionMask = 2147483647;
			files = (
				69AB6E3D1B454AA800B9678D /* BrowseListViewController.swift in Sources */,
				69AB6E481B45533800B9678D /* UtilityHelper.swift in Sources */,
				69AB6E411B454ABF00B9678D /* ContactViewController.swift in Sources */,
				69AB6E431B454AE600B9678D /* BrowseListCollectionViewCell.swift in Sources */,
				69AB6E4A1B455BAD00B9678D /* CategoryTableViewCell.swift in Sources */,
				69AB6E3F1B454AB500B9678D /* CategoriesListViewController.swift in Sources */,
				69AB6E0F1B4541FF00B9678D /* AppDelegate.swift in Sources */,
			);
			runOnlyForDeploymentPostprocessing = 0;
		};
		69AB6E1A1B4541FF00B9678D /* Sources */ = {
			isa = PBXSourcesBuildPhase;
			buildActionMask = 2147483647;
			files = (
				69AB6E251B4541FF00B9678D /* alic88Tests.swift in Sources */,
			);
			runOnlyForDeploymentPostprocessing = 0;
		};
/* End PBXSourcesBuildPhase section */

/* Begin PBXTargetDependency section */
		69AB6E201B4541FF00B9678D /* PBXTargetDependency */ = {
			isa = PBXTargetDependency;
			target = 69AB6E081B4541FF00B9678D /* alic88 */;
			targetProxy = 69AB6E1F1B4541FF00B9678D /* PBXContainerItemProxy */;
		};
/* End PBXTargetDependency section */

/* Begin PBXVariantGroup section */
		69AB6E121B4541FF00B9678D /* Main.storyboard */ = {
			isa = PBXVariantGroup;
			children = (
				69AB6E131B4541FF00B9678D /* Base */,
			);
			name = Main.storyboard;
			sourceTree = "<group>";
		};
		69AB6E171B4541FF00B9678D /* LaunchScreen.xib */ = {
			isa = PBXVariantGroup;
			children = (
				69AB6E181B4541FF00B9678D /* Base */,
			);
			name = LaunchScreen.xib;
			sourceTree = "<group>";
		};
/* End PBXVariantGroup section */

/* Begin XCBuildConfiguration section */
		69AB6E261B4541FF00B9678D /* Debug */ = {
			isa = XCBuildConfiguration;
			buildSettings = {
				ALWAYS_SEARCH_USER_PATHS = NO;
				CLANG_CXX_LANGUAGE_STANDARD = "gnu++0x";
				CLANG_CXX_LIBRARY = "libc++";
				CLANG_ENABLE_MODULES = YES;
				CLANG_ENABLE_OBJC_ARC = YES;
				CLANG_WARN_BOOL_CONVERSION = YES;
				CLANG_WARN_CONSTANT_CONVERSION = YES;
				CLANG_WARN_DIRECT_OBJC_ISA_USAGE = YES_ERROR;
				CLANG_WARN_EMPTY_BODY = YES;
				CLANG_WARN_ENUM_CONVERSION = YES;
				CLANG_WARN_INT_CONVERSION = YES;
				CLANG_WARN_OBJC_ROOT_CLASS = YES_ERROR;
				CLANG_WARN_UNREACHABLE_CODE = YES;
				CLANG_WARN__DUPLICATE_METHOD_MATCH = YES;
				"CODE_SIGN_IDENTITY[sdk=iphoneos*]" = "iPhone Developer";
				COPY_PHASE_STRIP = NO;
				DEBUG_INFORMATION_FORMAT = "dwarf-with-dsym";
				ENABLE_STRICT_OBJC_MSGSEND = YES;
				GCC_C_LANGUAGE_STANDARD = gnu99;
				GCC_DYNAMIC_NO_PIC = NO;
				GCC_NO_COMMON_BLOCKS = YES;
				GCC_OPTIMIZATION_LEVEL = 0;
				GCC_PREPROCESSOR_DEFINITIONS = (
					"DEBUG=1",
					"$(inherited)",
				);
				GCC_SYMBOLS_PRIVATE_EXTERN = NO;
				GCC_WARN_64_TO_32_BIT_CONVERSION = YES;
				GCC_WARN_ABOUT_RETURN_TYPE = YES_ERROR;
				GCC_WARN_UNDECLARED_SELECTOR = YES;
				GCC_WARN_UNINITIALIZED_AUTOS = YES_AGGRESSIVE;
				GCC_WARN_UNUSED_FUNCTION = YES;
				GCC_WARN_UNUSED_VARIABLE = YES;
				IPHONEOS_DEPLOYMENT_TARGET = 8.3;
				MTL_ENABLE_DEBUG_INFO = YES;
				ONLY_ACTIVE_ARCH = YES;
				SDKROOT = iphoneos;
				SWIFT_OPTIMIZATION_LEVEL = "-Onone";
				TARGETED_DEVICE_FAMILY = "1,2";
			};
			name = Debug;
		};
		69AB6E271B4541FF00B9678D /* Release */ = {
			isa = XCBuildConfiguration;
			buildSettings = {
				ALWAYS_SEARCH_USER_PATHS = NO;
				CLANG_CXX_LANGUAGE_STANDARD = "gnu++0x";
				CLANG_CXX_LIBRARY = "libc++";
				CLANG_ENABLE_MODULES = YES;
				CLANG_ENABLE_OBJC_ARC = YES;
				CLANG_WARN_BOOL_CONVERSION = YES;
				CLANG_WARN_CONSTANT_CONVERSION = YES;
				CLANG_WARN_DIRECT_OBJC_ISA_USAGE = YES_ERROR;
				CLANG_WARN_EMPTY_BODY = YES;
				CLANG_WARN_ENUM_CONVERSION = YES;
				CLANG_WARN_INT_CONVERSION = YES;
				CLANG_WARN_OBJC_ROOT_CLASS = YES_ERROR;
				CLANG_WARN_UNREACHABLE_CODE = YES;
				CLANG_WARN__DUPLICATE_METHOD_MATCH = YES;
				"CODE_SIGN_IDENTITY[sdk=iphoneos*]" = "iPhone Developer";
				COPY_PHASE_STRIP = NO;
				DEBUG_INFORMATION_FORMAT = "dwarf-with-dsym";
				ENABLE_NS_ASSERTIONS = NO;
				ENABLE_STRICT_OBJC_MSGSEND = YES;
				GCC_C_LANGUAGE_STANDARD = gnu99;
				GCC_NO_COMMON_BLOCKS = YES;
				GCC_WARN_64_TO_32_BIT_CONVERSION = YES;
				GCC_WARN_ABOUT_RETURN_TYPE = YES_ERROR;
				GCC_WARN_UNDECLARED_SELECTOR = YES;
				GCC_WARN_UNINITIALIZED_AUTOS = YES_AGGRESSIVE;
				GCC_WARN_UNUSED_FUNCTION = YES;
				GCC_WARN_UNUSED_VARIABLE = YES;
				IPHONEOS_DEPLOYMENT_TARGET = 8.3;
				MTL_ENABLE_DEBUG_INFO = NO;
				SDKROOT = iphoneos;
				TARGETED_DEVICE_FAMILY = "1,2";
				VALIDATE_PRODUCT = YES;
			};
			name = Release;
		};
		69AB6E291B4541FF00B9678D /* Debug */ = {
			isa = XCBuildConfiguration;
			buildSettings = {
				ASSETCATALOG_COMPILER_APPICON_NAME = AppIcon;
				INFOPLIST_FILE = alic88/Info.plist;
				LD_RUNPATH_SEARCH_PATHS = "$(inherited) @executable_path/Frameworks";
				PRODUCT_NAME = "$(TARGET_NAME)";
			};
			name = Debug;
		};
		69AB6E2A1B4541FF00B9678D /* Release */ = {
			isa = XCBuildConfiguration;
			buildSettings = {
				ASSETCATALOG_COMPILER_APPICON_NAME = AppIcon;
				INFOPLIST_FILE = alic88/Info.plist;
				LD_RUNPATH_SEARCH_PATHS = "$(inherited) @executable_path/Frameworks";
				PRODUCT_NAME = "$(TARGET_NAME)";
			};
			name = Release;
		};
		69AB6E2C1B4541FF00B9678D /* Debug */ = {
			isa = XCBuildConfiguration;
			buildSettings = {
				BUNDLE_LOADER = "$(TEST_HOST)";
				FRAMEWORK_SEARCH_PATHS = (
					"$(SDKROOT)/Developer/Library/Frameworks",
					"$(inherited)",
				);
				GCC_PREPROCESSOR_DEFINITIONS = (
					"DEBUG=1",
					"$(inherited)",
				);
				INFOPLIST_FILE = alic88Tests/Info.plist;
				LD_RUNPATH_SEARCH_PATHS = "$(inherited) @executable_path/Frameworks @loader_path/Frameworks";
				PRODUCT_NAME = "$(TARGET_NAME)";
				TEST_HOST = "$(BUILT_PRODUCTS_DIR)/alic88.app/alic88";
			};
			name = Debug;
		};
		69AB6E2D1B4541FF00B9678D /* Release */ = {
			isa = XCBuildConfiguration;
			buildSettings = {
				BUNDLE_LOADER = "$(TEST_HOST)";
				FRAMEWORK_SEARCH_PATHS = (
					"$(SDKROOT)/Developer/Library/Frameworks",
					"$(inherited)",
				);
				INFOPLIST_FILE = alic88Tests/Info.plist;
				LD_RUNPATH_SEARCH_PATHS = "$(inherited) @executable_path/Frameworks @loader_path/Frameworks";
				PRODUCT_NAME = "$(TARGET_NAME)";
				TEST_HOST = "$(BUILT_PRODUCTS_DIR)/alic88.app/alic88";
			};
			name = Release;
		};
/* End XCBuildConfiguration section */

/* Begin XCConfigurationList section */
		69AB6E041B4541FF00B9678D /* Build configuration list for PBXProject "alic88" */ = {
			isa = XCConfigurationList;
			buildConfigurations = (
				69AB6E261B4541FF00B9678D /* Debug */,
				69AB6E271B4541FF00B9678D /* Release */,
			);
			defaultConfigurationIsVisible = 0;
			defaultConfigurationName = Release;
		};
		69AB6E281B4541FF00B9678D /* Build configuration list for PBXNativeTarget "alic88" */ = {
			isa = XCConfigurationList;
			buildConfigurations = (
				69AB6E291B4541FF00B9678D /* Debug */,
				69AB6E2A1B4541FF00B9678D /* Release */,
			);
			defaultConfigurationIsVisible = 0;
			defaultConfigurationName = Release;
		};
		69AB6E2B1B4541FF00B9678D /* Build configuration list for PBXNativeTarget "alic88Tests" */ = {
			isa = XCConfigurationList;
			buildConfigurations = (
				69AB6E2C1B4541FF00B9678D /* Debug */,
				69AB6E2D1B4541FF00B9678D /* Release */,
			);
			defaultConfigurationIsVisible = 0;
			defaultConfigurationName = Release;
		};
/* End XCConfigurationList section */
	};
	rootObject = 69AB6E011B4541FF00B9678D /* Project object */;
}
